// !$*UTF8*$!
{
	archiveVersion = 1;
	classes = {
	};
	objectVersion = 55;
	objects = {

/* Begin PBXBuildFile section */
		717EF84A2838139A002018E7 /* Colors.swift in Sources */ = {isa = PBXBuildFile; fileRef = 717EF8492838139A002018E7 /* Colors.swift */; };
		71907C3028354C040082D9FE /* NewViewController.swift in Sources */ = {isa = PBXBuildFile; fileRef = 71907C2F28354C040082D9FE /* NewViewController.swift */; };
		BD5DB0BE27FF487000E4295A /* AppDelegate.swift in Sources */ = {isa = PBXBuildFile; fileRef = BD5DB0BD27FF487000E4295A /* AppDelegate.swift */; };
		BD5DB0C027FF487000E4295A /* SceneDelegate.swift in Sources */ = {isa = PBXBuildFile; fileRef = BD5DB0BF27FF487000E4295A /* SceneDelegate.swift */; };
		BD5DB0C227FF487000E4295A /* ViewController.swift in Sources */ = {isa = PBXBuildFile; fileRef = BD5DB0C127FF487000E4295A /* ViewController.swift */; };
		BD5DB0C527FF487000E4295A /* Main.storyboard in Resources */ = {isa = PBXBuildFile; fileRef = BD5DB0C327FF487000E4295A /* Main.storyboard */; };
		BD5DB0C827FF487100E4295A /* YourScheduleFit.xcdatamodeld in Sources */ = {isa = PBXBuildFile; fileRef = BD5DB0C627FF487100E4295A /* YourScheduleFit.xcdatamodeld */; };
		BD5DB0CA27FF487300E4295A /* Assets.xcassets in Resources */ = {isa = PBXBuildFile; fileRef = BD5DB0C927FF487300E4295A /* Assets.xcassets */; };
		BD5DB0CD27FF487300E4295A /* LaunchScreen.storyboard in Resources */ = {isa = PBXBuildFile; fileRef = BD5DB0CB27FF487300E4295A /* LaunchScreen.storyboard */; };
		BD5DB0D527FF5AA700E4295A /* ViewControllerNewFood.swift in Sources */ = {isa = PBXBuildFile; fileRef = BD5DB0D427FF5AA600E4295A /* ViewControllerNewFood.swift */; };
		BD5DB0D727FF5BF500E4295A /* TableViewCell.swift in Sources */ = {isa = PBXBuildFile; fileRef = BD5DB0D627FF5BF500E4295A /* TableViewCell.swift */; };
		BD76117F2800B09900716DA4 /* Types.swift in Sources */ = {isa = PBXBuildFile; fileRef = BD76117E2800B09900716DA4 /* Types.swift */; };
		BD9319352836AC7800F2A6BA /* CeldaNoticiaTableViewCell.swift in Sources */ = {isa = PBXBuildFile; fileRef = BD9319332836AC7800F2A6BA /* CeldaNoticiaTableViewCell.swift */; };
		BD9319362836AC7800F2A6BA /* CeldaNoticiaTableViewCell.xib in Resources */ = {isa = PBXBuildFile; fileRef = BD9319342836AC7800F2A6BA /* CeldaNoticiaTableViewCell.xib */; };
/* End PBXBuildFile section */

/* Begin PBXFileReference section */
		717EF8492838139A002018E7 /* Colors.swift */ = {isa = PBXFileReference; lastKnownFileType = sourcecode.swift; path = Colors.swift; sourceTree = "<group>"; };
		71907C2F28354C040082D9FE /* NewViewController.swift */ = {isa = PBXFileReference; lastKnownFileType = sourcecode.swift; path = NewViewController.swift; sourceTree = "<group>"; };
		BD5DB0BA27FF487000E4295A /* YourScheduleFit.app */ = {isa = PBXFileReference; explicitFileType = wrapper.application; includeInIndex = 0; path = YourScheduleFit.app; sourceTree = BUILT_PRODUCTS_DIR; };
		BD5DB0BD27FF487000E4295A /* AppDelegate.swift */ = {isa = PBXFileReference; lastKnownFileType = sourcecode.swift; path = AppDelegate.swift; sourceTree = "<group>"; };
		BD5DB0BF27FF487000E4295A /* SceneDelegate.swift */ = {isa = PBXFileReference; lastKnownFileType = sourcecode.swift; path = SceneDelegate.swift; sourceTree = "<group>"; };
		BD5DB0C127FF487000E4295A /* ViewController.swift */ = {isa = PBXFileReference; lastKnownFileType = sourcecode.swift; path = ViewController.swift; sourceTree = "<group>"; };
		BD5DB0C427FF487000E4295A /* Base */ = {isa = PBXFileReference; lastKnownFileType = file.storyboard; name = Base; path = Base.lproj/Main.storyboard; sourceTree = "<group>"; };
		BD5DB0C727FF487100E4295A /* YourScheduleFit.xcdatamodel */ = {isa = PBXFileReference; lastKnownFileType = wrapper.xcdatamodel; path = YourScheduleFit.xcdatamodel; sourceTree = "<group>"; };
		BD5DB0C927FF487300E4295A /* Assets.xcassets */ = {isa = PBXFileReference; lastKnownFileType = folder.assetcatalog; path = Assets.xcassets; sourceTree = "<group>"; };
		BD5DB0CC27FF487300E4295A /* Base */ = {isa = PBXFileReference; lastKnownFileType = file.storyboard; name = Base; path = Base.lproj/LaunchScreen.storyboard; sourceTree = "<group>"; };
		BD5DB0CE27FF487300E4295A /* Info.plist */ = {isa = PBXFileReference; lastKnownFileType = text.plist.xml; path = Info.plist; sourceTree = "<group>"; };
		BD5DB0D427FF5AA600E4295A /* ViewControllerNewFood.swift */ = {isa = PBXFileReference; lastKnownFileType = sourcecode.swift; path = ViewControllerNewFood.swift; sourceTree = "<group>"; };
		BD5DB0D627FF5BF500E4295A /* TableViewCell.swift */ = {isa = PBXFileReference; lastKnownFileType = sourcecode.swift; path = TableViewCell.swift; sourceTree = "<group>"; };
		BD76117E2800B09900716DA4 /* Types.swift */ = {isa = PBXFileReference; lastKnownFileType = sourcecode.swift; path = Types.swift; sourceTree = "<group>"; };
		BD9319332836AC7800F2A6BA /* CeldaNoticiaTableViewCell.swift */ = {isa = PBXFileReference; lastKnownFileType = sourcecode.swift; path = CeldaNoticiaTableViewCell.swift; sourceTree = "<group>"; };
		BD9319342836AC7800F2A6BA /* CeldaNoticiaTableViewCell.xib */ = {isa = PBXFileReference; lastKnownFileType = file.xib; path = CeldaNoticiaTableViewCell.xib; sourceTree = "<group>"; };
/* End PBXFileReference section */

/* Begin PBXFrameworksBuildPhase section */
		BD5DB0B727FF487000E4295A /* Frameworks */ = {
			isa = PBXFrameworksBuildPhase;
			buildActionMask = 2147483647;
			files = (
			);
			runOnlyForDeploymentPostprocessing = 0;
		};
/* End PBXFrameworksBuildPhase section */

/* Begin PBXGroup section */
		BD5DB0B127FF487000E4295A = {
			isa = PBXGroup;
			children = (
				BD5DB0BC27FF487000E4295A /* YourScheduleFit */,
				BD5DB0BB27FF487000E4295A /* Products */,
			);
			sourceTree = "<group>";
		};
		BD5DB0BB27FF487000E4295A /* Products */ = {
			isa = PBXGroup;
			children = (
				BD5DB0BA27FF487000E4295A /* YourScheduleFit.app */,
			);
			name = Products;
			sourceTree = "<group>";
		};
		BD5DB0BC27FF487000E4295A /* YourScheduleFit */ = {
			isa = PBXGroup;
			children = (
				BD5DB0BD27FF487000E4295A /* AppDelegate.swift */,
				BD76117E2800B09900716DA4 /* Types.swift */,
				BD5DB0BF27FF487000E4295A /* SceneDelegate.swift */,
				BD5DB0C127FF487000E4295A /* ViewController.swift */,
				BD5DB0C327FF487000E4295A /* Main.storyboard */,
				71907C2F28354C040082D9FE /* NewViewController.swift */,
				BD5DB0D627FF5BF500E4295A /* TableViewCell.swift */,
				BD5DB0D427FF5AA600E4295A /* ViewControllerNewFood.swift */,
				717EF8492838139A002018E7 /* Colors.swift */,
				BD5DB0C927FF487300E4295A /* Assets.xcassets */,
				BD5DB0CB27FF487300E4295A /* LaunchScreen.storyboard */,
				BD5DB0CE27FF487300E4295A /* Info.plist */,
				BD5DB0C627FF487100E4295A /* YourScheduleFit.xcdatamodeld */,
				BD9319332836AC7800F2A6BA /* CeldaNoticiaTableViewCell.swift */,
				BD9319342836AC7800F2A6BA /* CeldaNoticiaTableViewCell.xib */,
			);
			path = YourScheduleFit;
			sourceTree = "<group>";
		};
/* End PBXGroup section */

/* Begin PBXNativeTarget section */
		BD5DB0B927FF487000E4295A /* YourScheduleFit */ = {
			isa = PBXNativeTarget;
			buildConfigurationList = BD5DB0D127FF487300E4295A /* Build configuration list for PBXNativeTarget "YourScheduleFit" */;
			buildPhases = (
				BD5DB0B627FF487000E4295A /* Sources */,
				BD5DB0B727FF487000E4295A /* Frameworks */,
				BD5DB0B827FF487000E4295A /* Resources */,
			);
			buildRules = (
			);
			dependencies = (
			);
			name = YourScheduleFit;
			productName = YourScheduleFit;
			productReference = BD5DB0BA27FF487000E4295A /* YourScheduleFit.app */;
			productType = "com.apple.product-type.application";
		};
/* End PBXNativeTarget section */

/* Begin PBXProject section */
		BD5DB0B227FF487000E4295A /* Project object */ = {
			isa = PBXProject;
			attributes = {
				BuildIndependentTargetsInParallel = 1;
				LastSwiftUpdateCheck = 1320;
				LastUpgradeCheck = 1320;
				TargetAttributes = {
					BD5DB0B927FF487000E4295A = {
						CreatedOnToolsVersion = 13.2;
					};
				};
			};
			buildConfigurationList = BD5DB0B527FF487000E4295A /* Build configuration list for PBXProject "YourScheduleFit" */;
			compatibilityVersion = "Xcode 13.0";
			developmentRegion = en;
			hasScannedForEncodings = 0;
			knownRegions = (
				en,
				Base,
			);
			mainGroup = BD5DB0B127FF487000E4295A;
			productRefGroup = BD5DB0BB27FF487000E4295A /* Products */;
			projectDirPath = "";
			projectRoot = "";
			targets = (
				BD5DB0B927FF487000E4295A /* YourScheduleFit */,
			);
		};
/* End PBXProject section */

/* Begin PBXResourcesBuildPhase section */
		BD5DB0B827FF487000E4295A /* Resources */ = {
			isa = PBXResourcesBuildPhase;
			buildActionMask = 2147483647;
			files = (
				BD5DB0CD27FF487300E4295A /* LaunchScreen.storyboard in Resources */,
				BD9319362836AC7800F2A6BA /* CeldaNoticiaTableViewCell.xib in Resources */,
				BD5DB0CA27FF487300E4295A /* Assets.xcassets in Resources */,
				BD5DB0C527FF487000E4295A /* Main.storyboard in Resources */,
			);
			runOnlyForDeploymentPostprocessing = 0;
		};
/* End PBXResourcesBuildPhase section */

/* Begin PBXSourcesBuildPhase section */
		BD5DB0B627FF487000E4295A /* Sources */ = {
			isa = PBXSourcesBuildPhase;
			buildActionMask = 2147483647;
			files = (
				BD5DB0D527FF5AA700E4295A /* ViewControllerNewFood.swift in Sources */,
				717EF84A2838139A002018E7 /* Colors.swift in Sources */,
				BD9319352836AC7800F2A6BA /* CeldaNoticiaTableViewCell.swift in Sources */,
				BD5DB0C227FF487000E4295A /* ViewController.swift in Sources */,
				BD5DB0BE27FF487000E4295A /* AppDelegate.swift in Sources */,
				71907C3028354C040082D9FE /* NewViewController.swift in Sources */,
				BD76117F2800B09900716DA4 /* Types.swift in Sources */,
				BD5DB0D727FF5BF500E4295A /* TableViewCell.swift in Sources */,
				BD5DB0C027FF487000E4295A /* SceneDelegate.swift in Sources */,
				BD5DB0C827FF487100E4295A /* YourScheduleFit.xcdatamodeld in Sources */,
			);
			runOnlyForDeploymentPostprocessing = 0;
		};
/* End PBXSourcesBuildPhase section */

/* Begin PBXVariantGroup section */
		BD5DB0C327FF487000E4295A /* Main.storyboard */ = {
			isa = PBXVariantGroup;
			children = (
				BD5DB0C427FF487000E4295A /* Base */,
			);
			name = Main.storyboard;
			sourceTree = "<group>";
		};
		BD5DB0CB27FF487300E4295A /* LaunchScreen.storyboard */ = {
			isa = PBXVariantGroup;
			children = (
				BD5DB0CC27FF487300E4295A /* Base */,
			);
			name = LaunchScreen.storyboard;
			sourceTree = "<group>";
		};
/* End PBXVariantGroup section */

/* Begin XCBuildConfiguration section */
		BD5DB0CF27FF487300E4295A /* Debug */ = {
			isa = XCBuildConfiguration;
			buildSettings = {
				ALWAYS_SEARCH_USER_PATHS = NO;
				CLANG_ANALYZER_NONNULL = YES;
				CLANG_ANALYZER_NUMBER_OBJECT_CONVERSION = YES_AGGRESSIVE;
				CLANG_CXX_LANGUAGE_STANDARD = "gnu++17";
				CLANG_CXX_LIBRARY = "libc++";
				CLANG_ENABLE_MODULES = YES;
				CLANG_ENABLE_OBJC_ARC = YES;
				CLANG_ENABLE_OBJC_WEAK = YES;
				CLANG_WARN_BLOCK_CAPTURE_AUTORELEASING = YES;
				CLANG_WARN_BOOL_CONVERSION = YES;
				CLANG_WARN_COMMA = YES;
				CLANG_WARN_CONSTANT_CONVERSION = YES;
				CLANG_WARN_DEPRECATED_OBJC_IMPLEMENTATIONS = YES;
				CLANG_WARN_DIRECT_OBJC_ISA_USAGE = YES_ERROR;
				CLANG_WARN_DOCUMENTATION_COMMENTS = YES;
				CLANG_WARN_EMPTY_BODY = YES;
				CLANG_WARN_ENUM_CONVERSION = YES;
				CLANG_WARN_INFINITE_RECURSION = YES;
				CLANG_WARN_INT_CONVERSION = YES;
				CLANG_WARN_NON_LITERAL_NULL_CONVERSION = YES;
				CLANG_WARN_OBJC_IMPLICIT_RETAIN_SELF = YES;
				CLANG_WARN_OBJC_LITERAL_CONVERSION = YES;
				CLANG_WARN_OBJC_ROOT_CLASS = YES_ERROR;
				CLANG_WARN_QUOTED_INCLUDE_IN_FRAMEWORK_HEADER = YES;
				CLANG_WARN_RANGE_LOOP_ANALYSIS = YES;
				CLANG_WARN_STRICT_PROTOTYPES = YES;
				CLANG_WARN_SUSPICIOUS_MOVE = YES;
				CLANG_WARN_UNGUARDED_AVAILABILITY = YES_AGGRESSIVE;
				CLANG_WARN_UNREACHABLE_CODE = YES;
				CLANG_WARN__DUPLICATE_METHOD_MATCH = YES;
				COPY_PHASE_STRIP = NO;
				DEBUG_INFORMATION_FORMAT = dwarf;
				ENABLE_STRICT_OBJC_MSGSEND = YES;
				ENABLE_TESTABILITY = YES;
				GCC_C_LANGUAGE_STANDARD = gnu11;
				GCC_DYNAMIC_NO_PIC = NO;
				GCC_NO_COMMON_BLOCKS = YES;
				GCC_OPTIMIZATION_LEVEL = 0;
				GCC_PREPROCESSOR_DEFINITIONS = (
					"DEBUG=1",
					"$(inherited)",
				);
				GCC_WARN_64_TO_32_BIT_CONVERSION = YES;
				GCC_WARN_ABOUT_RETURN_TYPE = YES_ERROR;
				GCC_WARN_UNDECLARED_SELECTOR = YES;
				GCC_WARN_UNINITIALIZED_AUTOS = YES_AGGRESSIVE;
				GCC_WARN_UNUSED_FUNCTION = YES;
				GCC_WARN_UNUSED_VARIABLE = YES;
				IPHONEOS_DEPLOYMENT_TARGET = 15.2;
				MTL_ENABLE_DEBUG_INFO = INCLUDE_SOURCE;
				MTL_FAST_MATH = YES;
				ONLY_ACTIVE_ARCH = YES;
				SDKROOT = iphoneos;
				SWIFT_ACTIVE_COMPILATION_CONDITIONS = DEBUG;
				SWIFT_OPTIMIZATION_LEVEL = "-Onone";
			};
			name = Debug;
		};
		BD5DB0D027FF487300E4295A /* Release */ = {
			isa = XCBuildConfiguration;
			buildSettings = {
				ALWAYS_SEARCH_USER_PATHS = NO;
				CLANG_ANALYZER_NONNULL = YES;
				CLANG_ANALYZER_NUMBER_OBJECT_CONVERSION = YES_AGGRESSIVE;
				CLANG_CXX_LANGUAGE_STANDARD = "gnu++17";
				CLANG_CXX_LIBRARY = "libc++";
				CLANG_ENABLE_MODULES = YES;
				CLANG_ENABLE_OBJC_ARC = YES;
				CLANG_ENABLE_OBJC_WEAK = YES;
				CLANG_WARN_BLOCK_CAPTURE_AUTORELEASING = YES;
				CLANG_WARN_BOOL_CONVERSION = YES;
				CLANG_WARN_COMMA = YES;
				CLANG_WARN_CONSTANT_CONVERSION = YES;
				CLANG_WARN_DEPRECATED_OBJC_IMPLEMENTATIONS = YES;
				CLANG_WARN_DIRECT_OBJC_ISA_USAGE = YES_ERROR;
				CLANG_WARN_DOCUMENTATION_COMMENTS = YES;
				CLANG_WARN_EMPTY_BODY = YES;
				CLANG_WARN_ENUM_CONVERSION = YES;
				CLANG_WARN_INFINITE_RECURSION = YES;
				CLANG_WARN_INT_CONVERSION = YES;
				CLANG_WARN_NON_LITERAL_NULL_CONVERSION = YES;
				CLANG_WARN_OBJC_IMPLICIT_RETAIN_SELF = YES;
				CLANG_WARN_OBJC_LITERAL_CONVERSION = YES;
				CLANG_WARN_OBJC_ROOT_CLASS = YES_ERROR;
				CLANG_WARN_QUOTED_INCLUDE_IN_FRAMEWORK_HEADER = YES;
				CLANG_WARN_RANGE_LOOP_ANALYSIS = YES;
				CLANG_WARN_STRICT_PROTOTYPES = YES;
				CLANG_WARN_SUSPICIOUS_MOVE = YES;
				CLANG_WARN_UNGUARDED_AVAILABILITY = YES_AGGRESSIVE;
				CLANG_WARN_UNREACHABLE_CODE = YES;
				CLANG_WARN__DUPLICATE_METHOD_MATCH = YES;
				COPY_PHASE_STRIP = NO;
				DEBUG_INFORMATION_FORMAT = "dwarf-with-dsym";
				ENABLE_NS_ASSERTIONS = NO;
				ENABLE_STRICT_OBJC_MSGSEND = YES;
				GCC_C_LANGUAGE_STANDARD = gnu11;
				GCC_NO_COMMON_BLOCKS = YES;
				GCC_WARN_64_TO_32_BIT_CONVERSION = YES;
				GCC_WARN_ABOUT_RETURN_TYPE = YES_ERROR;
				GCC_WARN_UNDECLARED_SELECTOR = YES;
				GCC_WARN_UNINITIALIZED_AUTOS = YES_AGGRESSIVE;
				GCC_WARN_UNUSED_FUNCTION = YES;
				GCC_WARN_UNUSED_VARIABLE = YES;
				IPHONEOS_DEPLOYMENT_TARGET = 15.2;
				MTL_ENABLE_DEBUG_INFO = NO;
				MTL_FAST_MATH = YES;
				SDKROOT = iphoneos;
				SWIFT_COMPILATION_MODE = wholemodule;
				SWIFT_OPTIMIZATION_LEVEL = "-O";
				VALIDATE_PRODUCT = YES;
			};
			name = Release;
		};
		BD5DB0D227FF487300E4295A /* Debug */ = {
			isa = XCBuildConfiguration;
			buildSettings = {
				ASSETCATALOG_COMPILER_APPICON_NAME = AppIcon;
				ASSETCATALOG_COMPILER_GLOBAL_ACCENT_COLOR_NAME = AccentColor;
				CODE_SIGN_STYLE = Automatic;
				CURRENT_PROJECT_VERSION = 1;
				DEVELOPMENT_TEAM = U7S8F7TDQ6;
				GENERATE_INFOPLIST_FILE = YES;
				INFOPLIST_FILE = YourScheduleFit/Info.plist;
				INFOPLIST_KEY_UIApplicationSupportsIndirectInputEvents = YES;
				INFOPLIST_KEY_UILaunchStoryboardName = LaunchScreen;
				INFOPLIST_KEY_UIMainStoryboardFile = Main;
				INFOPLIST_KEY_UISupportedInterfaceOrientations_iPad = "UIInterfaceOrientationPortrait UIInterfaceOrientationPortraitUpsideDown UIInterfaceOrientationLandscapeLeft UIInterfaceOrientationLandscapeRight";
				INFOPLIST_KEY_UISupportedInterfaceOrientations_iPhone = "UIInterfaceOrientationPortrait UIInterfaceOrientationLandscapeLeft UIInterfaceOrientationLandscapeRight";
				IPHONEOS_DEPLOYMENT_TARGET = 15.0;
				LD_RUNPATH_SEARCH_PATHS = (
					"$(inherited)",
					"@executable_path/Frameworks",
				);
				MARKETING_VERSION = 1.0;
				PRODUCT_BUNDLE_IDENTIFIER = coeto.com.YourScheduleFit;
				PRODUCT_NAME = "$(TARGET_NAME)";
				SWIFT_EMIT_LOC_STRINGS = YES;
				SWIFT_VERSION = 5.0;
				TARGETED_DEVICE_FAMILY = "1,2";
			};
			name = Debug;
		};
		BD5DB0D327FF487300E4295A /* Release */ = {
			isa = XCBuildConfiguration;
			buildSettings = {
				ASSETCATALOG_COMPILER_APPICON_NAME = AppIcon;
				ASSETCATALOG_COMPILER_GLOBAL_ACCENT_COLOR_NAME = AccentColor;
				CODE_SIGN_STYLE = Automatic;
				CURRENT_PROJECT_VERSION = 1;
				DEVELOPMENT_TEAM = U7S8F7TDQ6;
				GENERATE_INFOPLIST_FILE = YES;
				INFOPLIST_FILE = YourScheduleFit/Info.plist;
				INFOPLIST_KEY_UIApplicationSupportsIndirectInputEvents = YES;
				INFOPLIST_KEY_UILaunchStoryboardName = LaunchScreen;
				INFOPLIST_KEY_UIMainStoryboardFile = Main;
				INFOPLIST_KEY_UISupportedInterfaceOrientations_iPad = "UIInterfaceOrientationPortrait UIInterfaceOrientationPortraitUpsideDown UIInterfaceOrientationLandscapeLeft UIInterfaceOrientationLandscapeRight";
				INFOPLIST_KEY_UISupportedInterfaceOrientations_iPhone = "UIInterfaceOrientationPortrait UIInterfaceOrientationLandscapeLeft UIInterfaceOrientationLandscapeRight";
				IPHONEOS_DEPLOYMENT_TARGET = 15.0;
				LD_RUNPATH_SEARCH_PATHS = (
					"$(inherited)",
					"@executable_path/Frameworks",
				);
				MARKETING_VERSION = 1.0;
				PRODUCT_BUNDLE_IDENTIFIER = coeto.com.YourScheduleFit;
				PRODUCT_NAME = "$(TARGET_NAME)";
				SWIFT_EMIT_LOC_STRINGS = YES;
				SWIFT_VERSION = 5.0;
				TARGETED_DEVICE_FAMILY = "1,2";
			};
			name = Release;
		};
/* End XCBuildConfiguration section */

/* Begin XCConfigurationList section */
		BD5DB0B527FF487000E4295A /* Build configuration list for PBXProject "YourScheduleFit" */ = {
			isa = XCConfigurationList;
			buildConfigurations = (
				BD5DB0CF27FF487300E4295A /* Debug */,
				BD5DB0D027FF487300E4295A /* Release */,
			);
			defaultConfigurationIsVisible = 0;
			defaultConfigurationName = Release;
		};
		BD5DB0D127FF487300E4295A /* Build configuration list for PBXNativeTarget "YourScheduleFit" */ = {
			isa = XCConfigurationList;
			buildConfigurations = (
				BD5DB0D227FF487300E4295A /* Debug */,
				BD5DB0D327FF487300E4295A /* Release */,
			);
			defaultConfigurationIsVisible = 0;
			defaultConfigurationName = Release;
		};
/* End XCConfigurationList section */

/* Begin XCVersionGroup section */
		BD5DB0C627FF487100E4295A /* YourScheduleFit.xcdatamodeld */ = {
			isa = XCVersionGroup;
			children = (
				BD5DB0C727FF487100E4295A /* YourScheduleFit.xcdatamodel */,
			);
			currentVersion = BD5DB0C727FF487100E4295A /* YourScheduleFit.xcdatamodel */;
			path = YourScheduleFit.xcdatamodeld;
			sourceTree = "<group>";
			versionGroupType = wrapper.xcdatamodel;
		};
/* End XCVersionGroup section */
	};
	rootObject = BD5DB0B227FF487000E4295A /* Project object */;
}
